
Microsoft Visual Studio Solution File, Format Version 12.00
# Visual Studio 2012
Project("{E24C65DC-7377-472B-9ABA-BC803B73C61A}") = "md-styles", ".", "{BB626BF4-125B-42C8-BB23-D631AB1C1EE6}"
	ProjectSection(WebsiteProperties) = preProject
		TargetFrameworkMoniker = ".NETFramework,Version%3Dv4.0"
		Debug.AspNetCompiler.VirtualPath = "/md-styles"
		Debug.AspNetCompiler.PhysicalPath = "..\..\..\md-styles\"
		Debug.AspNetCompiler.TargetPath = "PrecompiledWeb\md-styles\"
		Debug.AspNetCompiler.Updateable = "true"
		Debug.AspNetCompiler.ForceOverwrite = "true"
		Debug.AspNetCompiler.FixedNames = "false"
		Debug.AspNetCompiler.Debug = "True"
		Release.AspNetCompiler.VirtualPath = "/md-styles"
		Release.AspNetCompiler.PhysicalPath = "..\..\..\md-styles\"
		Release.AspNetCompiler.TargetPath = "PrecompiledWeb\md-styles\"
		Release.AspNetCompiler.Updateable = "true"
		Release.AspNetCompiler.ForceOverwrite = "true"
		Release.AspNetCompiler.FixedNames = "false"
		Release.AspNetCompiler.Debug = "False"
		VWDPort = "65215"
	EndProjectSection
EndProject
Global
	GlobalSection(SolutionConfigurationPlatforms) = preSolution
		Debug|Any CPU = Debug|Any CPU
	EndGlobalSection
	GlobalSection(ProjectConfigurationPlatforms) = postSolution
		{BB626BF4-125B-42C8-BB23-D631AB1C1EE6}.Debug|Any CPU.ActiveCfg = Debug|Any CPU
		{BB626BF4-125B-42C8-BB23-D631AB1C1EE6}.Debug|Any CPU.Build.0 = Debug|Any CPU
	EndGlobalSection
	GlobalSection(SolutionProperties) = preSolution
		HideSolutionNode = FALSE
	EndGlobalSection
EndGlobal
